// !$*UTF8*$!
{
	archiveVersion = 1;
	classes = {
	};
	objectVersion = 56;
	objects = {

/* Begin PBXBuildFile section */
		C6CF2D6729330BC300F92952 /* Image2AsciiApp.swift in Sources */ = {isa = PBXBuildFile; fileRef = C6CF2D6629330BC300F92952 /* Image2AsciiApp.swift */; };
		C6CF2D6929330BC300F92952 /* ContentView.swift in Sources */ = {isa = PBXBuildFile; fileRef = C6CF2D6829330BC300F92952 /* ContentView.swift */; };
		C6CF2D6B29330BC400F92952 /* Assets.xcassets in Resources */ = {isa = PBXBuildFile; fileRef = C6CF2D6A29330BC400F92952 /* Assets.xcassets */; };
		C6CF2D6E29330BC400F92952 /* Preview Assets.xcassets in Resources */ = {isa = PBXBuildFile; fileRef = C6CF2D6D29330BC400F92952 /* Preview Assets.xcassets */; };
		C6CF2D7629330C6C00F92952 /* Converter.swift in Sources */ = {isa = PBXBuildFile; fileRef = C6CF2D7529330C6C00F92952 /* Converter.swift */; };
		C6CF2D7829330D6900F92952 /* Shaders.metal in Sources */ = {isa = PBXBuildFile; fileRef = C6CF2D7729330D6900F92952 /* Shaders.metal */; };
/* End PBXBuildFile section */

/* Begin PBXFileReference section */
		C6CF2D6329330BC300F92952 /* Image2Ascii.app */ = {isa = PBXFileReference; explicitFileType = wrapper.application; includeInIndex = 0; path = Image2Ascii.app; sourceTree = BUILT_PRODUCTS_DIR; };
		C6CF2D6629330BC300F92952 /* Image2AsciiApp.swift */ = {isa = PBXFileReference; lastKnownFileType = sourcecode.swift; path = Image2AsciiApp.swift; sourceTree = "<group>"; };
		C6CF2D6829330BC300F92952 /* ContentView.swift */ = {isa = PBXFileReference; lastKnownFileType = sourcecode.swift; path = ContentView.swift; sourceTree = "<group>"; };
		C6CF2D6A29330BC400F92952 /* Assets.xcassets */ = {isa = PBXFileReference; lastKnownFileType = folder.assetcatalog; path = Assets.xcassets; sourceTree = "<group>"; };
		C6CF2D6D29330BC400F92952 /* Preview Assets.xcassets */ = {isa = PBXFileReference; lastKnownFileType = folder.assetcatalog; path = "Preview Assets.xcassets"; sourceTree = "<group>"; };
		C6CF2D6F29330BC400F92952 /* Image2Ascii.entitlements */ = {isa = PBXFileReference; lastKnownFileType = text.plist.entitlements; path = Image2Ascii.entitlements; sourceTree = "<group>"; };
		C6CF2D7529330C6C00F92952 /* Converter.swift */ = {isa = PBXFileReference; lastKnownFileType = sourcecode.swift; path = Converter.swift; sourceTree = "<group>"; };
		C6CF2D7729330D6900F92952 /* Shaders.metal */ = {isa = PBXFileReference; lastKnownFileType = sourcecode.metal; path = Shaders.metal; sourceTree = "<group>"; };
/* End PBXFileReference section */

/* Begin PBXFrameworksBuildPhase section */
		C6CF2D6029330BC300F92952 /* Frameworks */ = {
			isa = PBXFrameworksBuildPhase;
			buildActionMask = 2147483647;
			files = (
			);
			runOnlyForDeploymentPostprocessing = 0;
		};
/* End PBXFrameworksBuildPhase section */

/* Begin PBXGroup section */
		C6CF2D5A29330BC300F92952 = {
			isa = PBXGroup;
			children = (
				C6CF2D6529330BC300F92952 /* Image2Ascii */,
				C6CF2D6429330BC300F92952 /* Products */,
			);
			sourceTree = "<group>";
		};
		C6CF2D6429330BC300F92952 /* Products */ = {
			isa = PBXGroup;
			children = (
				C6CF2D6329330BC300F92952 /* Image2Ascii.app */,
			);
			name = Products;
			sourceTree = "<group>";
		};
		C6CF2D6529330BC300F92952 /* Image2Ascii */ = {
			isa = PBXGroup;
			children = (
				C6CF2D6629330BC300F92952 /* Image2AsciiApp.swift */,
				C6CF2D6829330BC300F92952 /* ContentView.swift */,
				C6CF2D6A29330BC400F92952 /* Assets.xcassets */,
				C6CF2D6F29330BC400F92952 /* Image2Ascii.entitlements */,
				C6CF2D6C29330BC400F92952 /* Preview Content */,
				C6CF2D7529330C6C00F92952 /* Converter.swift */,
				C6CF2D7729330D6900F92952 /* Shaders.metal */,
			);
			path = Image2Ascii;
			sourceTree = "<group>";
		};
		C6CF2D6C29330BC400F92952 /* Preview Content */ = {
			isa = PBXGroup;
			children = (
				C6CF2D6D29330BC400F92952 /* Preview Assets.xcassets */,
			);
			path = "Preview Content";
			sourceTree = "<group>";
		};
/* End PBXGroup section */

/* Begin PBXNativeTarget section */
		C6CF2D6229330BC300F92952 /* Image2Ascii */ = {
			isa = PBXNativeTarget;
			buildConfigurationList = C6CF2D7229330BC400F92952 /* Build configuration list for PBXNativeTarget "Image2Ascii" */;
			buildPhases = (
				C6CF2D5F29330BC300F92952 /* Sources */,
				C6CF2D6029330BC300F92952 /* Frameworks */,
				C6CF2D6129330BC300F92952 /* Resources */,
			);
			buildRules = (
			);
			dependencies = (
			);
			name = Image2Ascii;
			productName = Image2Ascii;
			productReference = C6CF2D6329330BC300F92952 /* Image2Ascii.app */;
			productType = "com.apple.product-type.application";
		};
/* End PBXNativeTarget section */

/* Begin PBXProject section */
		C6CF2D5B29330BC300F92952 /* Project object */ = {
			isa = PBXProject;
			attributes = {
				BuildIndependentTargetsInParallel = 1;
				LastSwiftUpdateCheck = 1410;
				LastUpgradeCheck = 1410;
				TargetAttributes = {
					C6CF2D6229330BC300F92952 = {
						CreatedOnToolsVersion = 14.1;
					};
				};
			};
			buildConfigurationList = C6CF2D5E29330BC300F92952 /* Build configuration list for PBXProject "Image2Ascii" */;
			compatibilityVersion = "Xcode 14.0";
			developmentRegion = en;
			hasScannedForEncodings = 0;
			knownRegions = (
				en,
				Base,
			);
			mainGroup = C6CF2D5A29330BC300F92952;
			productRefGroup = C6CF2D6429330BC300F92952 /* Products */;
			projectDirPath = "";
			projectRoot = "";
			targets = (
				C6CF2D6229330BC300F92952 /* Image2Ascii */,
			);
		};
/* End PBXProject section */

/* Begin PBXResourcesBuildPhase section */
		C6CF2D6129330BC300F92952 /* Resources */ = {
			isa = PBXResourcesBuildPhase;
			buildActionMask = 2147483647;
			files = (
				C6CF2D6E29330BC400F92952 /* Preview Assets.xcassets in Resources */,
				C6CF2D6B29330BC400F92952 /* Assets.xcassets in Resources */,
			);
			runOnlyForDeploymentPostprocessing = 0;
		};
/* End PBXResourcesBuildPhase section */

/* Begin PBXSourcesBuildPhase section */
		C6CF2D5F29330BC300F92952 /* Sources */ = {
			isa = PBXSourcesBuildPhase;
			buildActionMask = 2147483647;
			files = (
				C6CF2D7829330D6900F92952 /* Shaders.metal in Sources */,
				C6CF2D6929330BC300F92952 /* ContentView.swift in Sources */,
				C6CF2D7629330C6C00F92952 /* Converter.swift in Sources */,
				C6CF2D6729330BC300F92952 /* Image2AsciiApp.swift in Sources */,
			);
			runOnlyForDeploymentPostprocessing = 0;
		};
/* End PBXSourcesBuildPhase section */

/* Begin XCBuildConfiguration section */
		C6CF2D7029330BC400F92952 /* Debug */ = {
			isa = XCBuildConfiguration;
			buildSettings = {
				ALWAYS_SEARCH_USER_PATHS = NO;
				CLANG_ANALYZER_NONNULL = YES;
				CLANG_ANALYZER_NUMBER_OBJECT_CONVERSION = YES_AGGRESSIVE;
				CLANG_CXX_LANGUAGE_STANDARD = "gnu++20";
				CLANG_ENABLE_MODULES = YES;
				CLANG_ENABLE_OBJC_ARC = YES;
				CLANG_ENABLE_OBJC_WEAK = YES;
				CLANG_WARN_BLOCK_CAPTURE_AUTORELEASING = YES;
				CLANG_WARN_BOOL_CONVERSION = YES;
				CLANG_WARN_COMMA = YES;
				CLANG_WARN_CONSTANT_CONVERSION = YES;
				CLANG_WARN_DEPRECATED_OBJC_IMPLEMENTATIONS = YES;
				CLANG_WARN_DIRECT_OBJC_ISA_USAGE = YES_ERROR;
				CLANG_WARN_DOCUMENTATION_COMMENTS = YES;
				CLANG_WARN_EMPTY_BODY = YES;
				CLANG_WARN_ENUM_CONVERSION = YES;
				CLANG_WARN_INFINITE_RECURSION = YES;
				CLANG_WARN_INT_CONVERSION = YES;
				CLANG_WARN_NON_LITERAL_NULL_CONVERSION = YES;
				CLANG_WARN_OBJC_IMPLICIT_RETAIN_SELF = YES;
				CLANG_WARN_OBJC_LITERAL_CONVERSION = YES;
				CLANG_WARN_OBJC_ROOT_CLASS = YES_ERROR;
				CLANG_WARN_QUOTED_INCLUDE_IN_FRAMEWORK_HEADER = YES;
				CLANG_WARN_RANGE_LOOP_ANALYSIS = YES;
				CLANG_WARN_STRICT_PROTOTYPES = YES;
				CLANG_WARN_SUSPICIOUS_MOVE = YES;
				CLANG_WARN_UNGUARDED_AVAILABILITY = YES_AGGRESSIVE;
				CLANG_WARN_UNREACHABLE_CODE = YES;
				CLANG_WARN__DUPLICATE_METHOD_MATCH = YES;
				COPY_PHASE_STRIP = NO;
				DEBUG_INFORMATION_FORMAT = dwarf;
				ENABLE_STRICT_OBJC_MSGSEND = YES;
				ENABLE_TESTABILITY = YES;
				GCC_C_LANGUAGE_STANDARD = gnu11;
				GCC_DYNAMIC_NO_PIC = NO;
				GCC_NO_COMMON_BLOCKS = YES;
				GCC_OPTIMIZATION_LEVEL = 0;
				GCC_PREPROCESSOR_DEFINITIONS = (
					"DEBUG=1",
					"$(inherited)",
				);
				GCC_WARN_64_TO_32_BIT_CONVERSION = YES;
				GCC_WARN_ABOUT_RETURN_TYPE = YES_ERROR;
				GCC_WARN_UNDECLARED_SELECTOR = YES;
				GCC_WARN_UNINITIALIZED_AUTOS = YES_AGGRESSIVE;
				GCC_WARN_UNUSED_FUNCTION = YES;
				GCC_WARN_UNUSED_VARIABLE = YES;
				MACOSX_DEPLOYMENT_TARGET = 13.0;
				MTL_ENABLE_DEBUG_INFO = INCLUDE_SOURCE;
				MTL_FAST_MATH = YES;
				ONLY_ACTIVE_ARCH = YES;
				SDKROOT = macosx;
				SWIFT_ACTIVE_COMPILATION_CONDITIONS = DEBUG;
				SWIFT_OPTIMIZATION_LEVEL = "-Onone";
			};
			name = Debug;
		};
		C6CF2D7129330BC400F92952 /* Release */ = {
			isa = XCBuildConfiguration;
			buildSettings = {
				ALWAYS_SEARCH_USER_PATHS = NO;
				CLANG_ANALYZER_NONNULL = YES;
				CLANG_ANALYZER_NUMBER_OBJECT_CONVERSION = YES_AGGRESSIVE;
				CLANG_CXX_LANGUAGE_STANDARD = "gnu++20";
				CLANG_ENABLE_MODULES = YES;
				CLANG_ENABLE_OBJC_ARC = YES;
				CLANG_ENABLE_OBJC_WEAK = YES;
				CLANG_WARN_BLOCK_CAPTURE_AUTORELEASING = YES;
				CLANG_WARN_BOOL_CONVERSION = YES;
				CLANG_WARN_COMMA = YES;
				CLANG_WARN_CONSTANT_CONVERSION = YES;
				CLANG_WARN_DEPRECATED_OBJC_IMPLEMENTATIONS = YES;
				CLANG_WARN_DIRECT_OBJC_ISA_USAGE = YES_ERROR;
				CLANG_WARN_DOCUMENTATION_COMMENTS = YES;
				CLANG_WARN_EMPTY_BODY = YES;
				CLANG_WARN_ENUM_CONVERSION = YES;
				CLANG_WARN_INFINITE_RECURSION = YES;
				CLANG_WARN_INT_CONVERSION = YES;
				CLANG_WARN_NON_LITERAL_NULL_CONVERSION = YES;
				CLANG_WARN_OBJC_IMPLICIT_RETAIN_SELF = YES;
				CLANG_WARN_OBJC_LITERAL_CONVERSION = YES;
				CLANG_WARN_OBJC_ROOT_CLASS = YES_ERROR;
				CLANG_WARN_QUOTED_INCLUDE_IN_FRAMEWORK_HEADER = YES;
				CLANG_WARN_RANGE_LOOP_ANALYSIS = YES;
				CLANG_WARN_STRICT_PROTOTYPES = YES;
				CLANG_WARN_SUSPICIOUS_MOVE = YES;
				CLANG_WARN_UNGUARDED_AVAILABILITY = YES_AGGRESSIVE;
				CLANG_WARN_UNREACHABLE_CODE = YES;
				CLANG_WARN__DUPLICATE_METHOD_MATCH = YES;
				COPY_PHASE_STRIP = NO;
				DEBUG_INFORMATION_FORMAT = "dwarf-with-dsym";
				ENABLE_NS_ASSERTIONS = NO;
				ENABLE_STRICT_OBJC_MSGSEND = YES;
				GCC_C_LANGUAGE_STANDARD = gnu11;
				GCC_NO_COMMON_BLOCKS = YES;
				GCC_WARN_64_TO_32_BIT_CONVERSION = YES;
				GCC_WARN_ABOUT_RETURN_TYPE = YES_ERROR;
				GCC_WARN_UNDECLARED_SELECTOR = YES;
				GCC_WARN_UNINITIALIZED_AUTOS = YES_AGGRESSIVE;
				GCC_WARN_UNUSED_FUNCTION = YES;
				GCC_WARN_UNUSED_VARIABLE = YES;
				MACOSX_DEPLOYMENT_TARGET = 13.0;
				MTL_ENABLE_DEBUG_INFO = NO;
				MTL_FAST_MATH = YES;
				SDKROOT = macosx;
				SWIFT_COMPILATION_MODE = wholemodule;
				SWIFT_OPTIMIZATION_LEVEL = "-O";
			};
			name = Release;
		};
		C6CF2D7329330BC400F92952 /* Debug */ = {
			isa = XCBuildConfiguration;
			buildSettings = {
				ASSETCATALOG_COMPILER_APPICON_NAME = AppIcon;
				ASSETCATALOG_COMPILER_GLOBAL_ACCENT_COLOR_NAME = AccentColor;
				CODE_SIGN_ENTITLEMENTS = Image2Ascii/Image2Ascii.entitlements;
				CODE_SIGN_STYLE = Automatic;
				COMBINE_HIDPI_IMAGES = YES;
				CURRENT_PROJECT_VERSION = 1;
				DEVELOPMENT_ASSET_PATHS = "\"Image2Ascii/Preview Content\"";
				DEVELOPMENT_TEAM = 3P9VT99MTU;
				ENABLE_HARDENED_RUNTIME = YES;
				ENABLE_PREVIEWS = YES;
				GENERATE_INFOPLIST_FILE = YES;
				INFOPLIST_KEY_NSHumanReadableCopyright = "";
				LD_RUNPATH_SEARCH_PATHS = (
					"$(inherited)",
					"@executable_path/../Frameworks",
				);
				MARKETING_VERSION = 1.0;
				PRODUCT_BUNDLE_IDENTIFIER = quinscacheri.Image2Ascii;
				PRODUCT_NAME = "$(TARGET_NAME)";
				SWIFT_EMIT_LOC_STRINGS = YES;
				SWIFT_VERSION = 5.0;
			};
			name = Debug;
		};
		C6CF2D7429330BC400F92952 /* Release */ = {
			isa = XCBuildConfiguration;
			buildSettings = {
				ASSETCATALOG_COMPILER_APPICON_NAME = AppIcon;
				ASSETCATALOG_COMPILER_GLOBAL_ACCENT_COLOR_NAME = AccentColor;
				CODE_SIGN_ENTITLEMENTS = Image2Ascii/Image2Ascii.entitlements;
				CODE_SIGN_STYLE = Automatic;
				COMBINE_HIDPI_IMAGES = YES;
				CURRENT_PROJECT_VERSION = 1;
				DEVELOPMENT_ASSET_PATHS = "\"Image2Ascii/Preview Content\"";
				DEVELOPMENT_TEAM = 3P9VT99MTU;
				ENABLE_HARDENED_RUNTIME = YES;
				ENABLE_PREVIEWS = YES;
				GENERATE_INFOPLIST_FILE = YES;
				INFOPLIST_KEY_NSHumanReadableCopyright = "";
				LD_RUNPATH_SEARCH_PATHS = (
					"$(inherited)",
					"@executable_path/../Frameworks",
				);
				MARKETING_VERSION = 1.0;
				PRODUCT_BUNDLE_IDENTIFIER = quinscacheri.Image2Ascii;
				PRODUCT_NAME = "$(TARGET_NAME)";
				SWIFT_EMIT_LOC_STRINGS = YES;
				SWIFT_VERSION = 5.0;
			};
			name = Release;
		};
/* End XCBuildConfiguration section */

/* Begin XCConfigurationList section */
		C6CF2D5E29330BC300F92952 /* Build configuration list for PBXProject "Image2Ascii" */ = {
			isa = XCConfigurationList;
			buildConfigurations = (
				C6CF2D7029330BC400F92952 /* Debug */,
				C6CF2D7129330BC400F92952 /* Release */,
			);
			defaultConfigurationIsVisible = 0;
			defaultConfigurationName = Release;
		};
		C6CF2D7229330BC400F92952 /* Build configuration list for PBXNativeTarget "Image2Ascii" */ = {
			isa = XCConfigurationList;
			buildConfigurations = (
				C6CF2D7329330BC400F92952 /* Debug */,
				C6CF2D7429330BC400F92952 /* Release */,
			);
			defaultConfigurationIsVisible = 0;
			defaultConfigurationName = Release;
		};
/* End XCConfigurationList section */
	};
	rootObject = C6CF2D5B29330BC300F92952 /* Project object */;
}
